Microsoft Visual Studio Solution File, Format Version 8.00
Project("{FE3BBBB6-72D5-11D2-9ACE-00C04F79A2A4}") = "Microsoft Enterprise Library", "Microsoft Enterprise Library\Microsoft Enterprise Library.etp", "{0174751C-D4D8-4D7E-A96A-B3A5C68AB7B3}"
	ProjectSection(ProjectDependencies) = postProject
	EndProjectSection
EndProject
Project("{FAE04EC0-301F-11D3-BF4B-00C04F79EFBC}") = "NCS.Utilities", "Utilities\NCS.Utilities.csproj", "{152A511F-BC10-4D36-A5FF-891BD16D58C9}"
	ProjectSection(ProjectDependencies) = postProject
	EndProjectSection
EndProject
Project("{FAE04EC0-301F-11D3-BF4B-00C04F79EFBC}") = "NCS.Web", "Web\NCS.Web.csproj", "{8DF66423-5A9B-4763-B6F9-80185F887161}"
	ProjectSection(ProjectDependencies) = postProject
	EndProjectSection
EndProject
Project("{FAE04EC0-301F-11D3-BF4B-00C04F79EFBC}") = "NCS.Windows", "Windows\NCS.Windows.csproj", "{F0194901-CAED-4FD1-925A-CC10D6D3F1A9}"
	ProjectSection(ProjectDependencies) = postProject
	EndProjectSection
EndProject
Global
	GlobalSection(SolutionConfiguration) = preSolution
		Debug = Debug
		DebugLocal = DebugLocal
		Production = Production
		Release = Release
	EndGlobalSection
	GlobalSection(ProjectConfiguration) = postSolution
		{E725A5B4-A379-492F-89E3-3D8021376C3F}.Debug.ActiveCfg = Debug|.NET
		{E725A5B4-A379-492F-89E3-3D8021376C3F}.Debug.Build.0 = Debug|.NET
		{E725A5B4-A379-492F-89E3-3D8021376C3F}.DebugLocal.ActiveCfg = Debug|.NET
		{E725A5B4-A379-492F-89E3-3D8021376C3F}.DebugLocal.Build.0 = Debug|.NET
		{E725A5B4-A379-492F-89E3-3D8021376C3F}.Production.ActiveCfg = Release|.NET
		{E725A5B4-A379-492F-89E3-3D8021376C3F}.Production.Build.0 = Release|.NET
		{E725A5B4-A379-492F-89E3-3D8021376C3F}.Release.ActiveCfg = Release|.NET
		{E725A5B4-A379-492F-89E3-3D8021376C3F}.Release.Build.0 = Release|.NET
		{5D0720A3-A4A1-49CB-9E46-8C6CDD321514}.Debug.ActiveCfg = Debug|.NET
		{5D0720A3-A4A1-49CB-9E46-8C6CDD321514}.Debug.Build.0 = Debug|.NET
		{5D0720A3-A4A1-49CB-9E46-8C6CDD321514}.DebugLocal.ActiveCfg = Debug|.NET
		{5D0720A3-A4A1-49CB-9E46-8C6CDD321514}.DebugLocal.Build.0 = Debug|.NET
		{5D0720A3-A4A1-49CB-9E46-8C6CDD321514}.Production.ActiveCfg = Release|.NET
		{5D0720A3-A4A1-49CB-9E46-8C6CDD321514}.Production.Build.0 = Release|.NET
		{5D0720A3-A4A1-49CB-9E46-8C6CDD321514}.Release.ActiveCfg = Release|.NET
		{5D0720A3-A4A1-49CB-9E46-8C6CDD321514}.Release.Build.0 = Release|.NET
		{A03EA97B-97CB-41EF-A55D-15C6496D8943}.Debug.ActiveCfg = Debug|.NET
		{A03EA97B-97CB-41EF-A55D-15C6496D8943}.Debug.Build.0 = Debug|.NET
		{A03EA97B-97CB-41EF-A55D-15C6496D8943}.DebugLocal.ActiveCfg = Debug|.NET
		{A03EA97B-97CB-41EF-A55D-15C6496D8943}.DebugLocal.Build.0 = Debug|.NET
		{A03EA97B-97CB-41EF-A55D-15C6496D8943}.Production.ActiveCfg = Release|.NET
		{A03EA97B-97CB-41EF-A55D-15C6496D8943}.Production.Build.0 = Release|.NET
		{A03EA97B-97CB-41EF-A55D-15C6496D8943}.Release.ActiveCfg = Release|.NET
		{A03EA97B-97CB-41EF-A55D-15C6496D8943}.Release.Build.0 = Release|.NET
		{674B06A5-A61C-4546-8475-90D4A7FE31D8}.Debug.ActiveCfg = Debug|.NET
		{674B06A5-A61C-4546-8475-90D4A7FE31D8}.Debug.Build.0 = Debug|.NET
		{674B06A5-A61C-4546-8475-90D4A7FE31D8}.DebugLocal.ActiveCfg = Debug|.NET
		{674B06A5-A61C-4546-8475-90D4A7FE31D8}.DebugLocal.Build.0 = Debug|.NET
		{674B06A5-A61C-4546-8475-90D4A7FE31D8}.Production.ActiveCfg = Release|.NET
		{674B06A5-A61C-4546-8475-90D4A7FE31D8}.Production.Build.0 = Release|.NET
		{674B06A5-A61C-4546-8475-90D4A7FE31D8}.Release.ActiveCfg = Release|.NET
		{674B06A5-A61C-4546-8475-90D4A7FE31D8}.Release.Build.0 = Release|.NET
		{A4AB0EED-E2A9-4859-8B38-214117C1B353}.Debug.ActiveCfg = Debug|.NET
		{A4AB0EED-E2A9-4859-8B38-214117C1B353}.Debug.Build.0 = Debug|.NET
		{A4AB0EED-E2A9-4859-8B38-214117C1B353}.DebugLocal.ActiveCfg = Debug|.NET
		{A4AB0EED-E2A9-4859-8B38-214117C1B353}.DebugLocal.Build.0 = Debug|.NET
		{A4AB0EED-E2A9-4859-8B38-214117C1B353}.Production.ActiveCfg = Release|.NET
		{A4AB0EED-E2A9-4859-8B38-214117C1B353}.Production.Build.0 = Release|.NET
		{A4AB0EED-E2A9-4859-8B38-214117C1B353}.Release.ActiveCfg = Release|.NET
		{A4AB0EED-E2A9-4859-8B38-214117C1B353}.Release.Build.0 = Release|.NET
		{A7361D6C-5E26-42C0-9460-37EDE3805054}.Debug.ActiveCfg = Debug|.NET
		{A7361D6C-5E26-42C0-9460-37EDE3805054}.Debug.Build.0 = Debug|.NET
		{A7361D6C-5E26-42C0-9460-37EDE3805054}.DebugLocal.ActiveCfg = Debug|.NET
		{A7361D6C-5E26-42C0-9460-37EDE3805054}.DebugLocal.Build.0 = Debug|.NET
		{A7361D6C-5E26-42C0-9460-37EDE3805054}.Production.ActiveCfg = Release|.NET
		{A7361D6C-5E26-42C0-9460-37EDE3805054}.Production.Build.0 = Release|.NET
		{A7361D6C-5E26-42C0-9460-37EDE3805054}.Release.ActiveCfg = Release|.NET
		{A7361D6C-5E26-42C0-9460-37EDE3805054}.Release.Build.0 = Release|.NET
		{A09297C8-2C40-470B-8856-D856676DDFFA}.Debug.ActiveCfg = Debug|.NET
		{A09297C8-2C40-470B-8856-D856676DDFFA}.Debug.Build.0 = Debug|.NET
		{A09297C8-2C40-470B-8856-D856676DDFFA}.DebugLocal.ActiveCfg = Debug|.NET
		{A09297C8-2C40-470B-8856-D856676DDFFA}.DebugLocal.Build.0 = Debug|.NET
		{A09297C8-2C40-470B-8856-D856676DDFFA}.Production.ActiveCfg = Release|.NET
		{A09297C8-2C40-470B-8856-D856676DDFFA}.Production.Build.0 = Release|.NET
		{A09297C8-2C40-470B-8856-D856676DDFFA}.Release.ActiveCfg = Release|.NET
		{A09297C8-2C40-470B-8856-D856676DDFFA}.Release.Build.0 = Release|.NET
		{D1BB1AB9-453A-4923-B77C-FA6F1D2802F9}.Debug.ActiveCfg = Debug|.NET
		{D1BB1AB9-453A-4923-B77C-FA6F1D2802F9}.Debug.Build.0 = Debug|.NET
		{D1BB1AB9-453A-4923-B77C-FA6F1D2802F9}.DebugLocal.ActiveCfg = Debug|.NET
		{D1BB1AB9-453A-4923-B77C-FA6F1D2802F9}.DebugLocal.Build.0 = Debug|.NET
		{D1BB1AB9-453A-4923-B77C-FA6F1D2802F9}.Production.ActiveCfg = Release|.NET
		{D1BB1AB9-453A-4923-B77C-FA6F1D2802F9}.Production.Build.0 = Release|.NET
		{D1BB1AB9-453A-4923-B77C-FA6F1D2802F9}.Release.ActiveCfg = Release|.NET
		{D1BB1AB9-453A-4923-B77C-FA6F1D2802F9}.Release.Build.0 = Release|.NET
		{D6AAB55A-8C43-46B7-9EE4-EB8D1E1BFC17}.Debug.ActiveCfg = Debug|.NET
		{D6AAB55A-8C43-46B7-9EE4-EB8D1E1BFC17}.Debug.Build.0 = Debug|.NET
		{D6AAB55A-8C43-46B7-9EE4-EB8D1E1BFC17}.DebugLocal.ActiveCfg = Debug|.NET
		{D6AAB55A-8C43-46B7-9EE4-EB8D1E1BFC17}.DebugLocal.Build.0 = Debug|.NET
		{D6AAB55A-8C43-46B7-9EE4-EB8D1E1BFC17}.Production.ActiveCfg = Release|.NET
		{D6AAB55A-8C43-46B7-9EE4-EB8D1E1BFC17}.Production.Build.0 = Release|.NET
		{D6AAB55A-8C43-46B7-9EE4-EB8D1E1BFC17}.Release.ActiveCfg = Release|.NET
		{D6AAB55A-8C43-46B7-9EE4-EB8D1E1BFC17}.Release.Build.0 = Release|.NET
		{D349B6D8-992F-443F-BB57-57E50DD98794}.Debug.ActiveCfg = Debug|.NET
		{D349B6D8-992F-443F-BB57-57E50DD98794}.Debug.Build.0 = Debug|.NET
		{D349B6D8-992F-443F-BB57-57E50DD98794}.DebugLocal.ActiveCfg = Debug|.NET
		{D349B6D8-992F-443F-BB57-57E50DD98794}.DebugLocal.Build.0 = Debug|.NET
		{D349B6D8-992F-443F-BB57-57E50DD98794}.Production.ActiveCfg = Release|.NET
		{D349B6D8-992F-443F-BB57-57E50DD98794}.Production.Build.0 = Release|.NET
		{D349B6D8-992F-443F-BB57-57E50DD98794}.Release.ActiveCfg = Release|.NET
		{D349B6D8-992F-443F-BB57-57E50DD98794}.Release.Build.0 = Release|.NET
		{CAFC0505-DC56-4E86-A335-D8EB2B23325A}.Debug.ActiveCfg = Debug|.NET
		{CAFC0505-DC56-4E86-A335-D8EB2B23325A}.Debug.Build.0 = Debug|.NET
		{CAFC0505-DC56-4E86-A335-D8EB2B23325A}.DebugLocal.ActiveCfg = Debug|.NET
		{CAFC0505-DC56-4E86-A335-D8EB2B23325A}.DebugLocal.Build.0 = Debug|.NET
		{CAFC0505-DC56-4E86-A335-D8EB2B23325A}.Production.ActiveCfg = Release|.NET
		{CAFC0505-DC56-4E86-A335-D8EB2B23325A}.Production.Build.0 = Release|.NET
		{CAFC0505-DC56-4E86-A335-D8EB2B23325A}.Release.ActiveCfg = Release|.NET
		{CAFC0505-DC56-4E86-A335-D8EB2B23325A}.Release.Build.0 = Release|.NET
		{2DB0AD6D-BF59-4EBB-9F99-49ABD8539FD2}.Debug.ActiveCfg = Debug|.NET
		{2DB0AD6D-BF59-4EBB-9F99-49ABD8539FD2}.Debug.Build.0 = Debug|.NET
		{2DB0AD6D-BF59-4EBB-9F99-49ABD8539FD2}.DebugLocal.ActiveCfg = Debug|.NET
		{2DB0AD6D-BF59-4EBB-9F99-49ABD8539FD2}.DebugLocal.Build.0 = Debug|.NET
		{2DB0AD6D-BF59-4EBB-9F99-49ABD8539FD2}.Production.ActiveCfg = Release|.NET
		{2DB0AD6D-BF59-4EBB-9F99-49ABD8539FD2}.Production.Build.0 = Release|.NET
		{2DB0AD6D-BF59-4EBB-9F99-49ABD8539FD2}.Release.ActiveCfg = Release|.NET
		{2DB0AD6D-BF59-4EBB-9F99-49ABD8539FD2}.Release.Build.0 = Release|.NET
		{3D0BE7D5-585F-4549-8490-B8E864298456}.Debug.ActiveCfg = Debug|.NET
		{3D0BE7D5-585F-4549-8490-B8E864298456}.Debug.Build.0 = Debug|.NET
		{3D0BE7D5-585F-4549-8490-B8E864298456}.DebugLocal.ActiveCfg = Debug|.NET
		{3D0BE7D5-585F-4549-8490-B8E864298456}.DebugLocal.Build.0 = Debug|.NET
		{3D0BE7D5-585F-4549-8490-B8E864298456}.Production.ActiveCfg = Release|.NET
		{3D0BE7D5-585F-4549-8490-B8E864298456}.Production.Build.0 = Release|.NET
		{3D0BE7D5-585F-4549-8490-B8E864298456}.Release.ActiveCfg = Release|.NET
		{3D0BE7D5-585F-4549-8490-B8E864298456}.Release.Build.0 = Release|.NET
		{EC311AD3-0A26-4808-901B-A983E97E5790}.Debug.ActiveCfg = Debug|.NET
		{EC311AD3-0A26-4808-901B-A983E97E5790}.Debug.Build.0 = Debug|.NET
		{EC311AD3-0A26-4808-901B-A983E97E5790}.DebugLocal.ActiveCfg = Debug|.NET
		{EC311AD3-0A26-4808-901B-A983E97E5790}.DebugLocal.Build.0 = Debug|.NET
		{EC311AD3-0A26-4808-901B-A983E97E5790}.Production.ActiveCfg = Release|.NET
		{EC311AD3-0A26-4808-901B-A983E97E5790}.Production.Build.0 = Release|.NET
		{EC311AD3-0A26-4808-901B-A983E97E5790}.Release.ActiveCfg = Release|.NET
		{EC311AD3-0A26-4808-901B-A983E97E5790}.Release.Build.0 = Release|.NET
		{E11D72AF-CDDC-4EC4-AC05-F5F93E30395B}.Debug.ActiveCfg = Debug|.NET
		{E11D72AF-CDDC-4EC4-AC05-F5F93E30395B}.Debug.Build.0 = Debug|.NET
		{E11D72AF-CDDC-4EC4-AC05-F5F93E30395B}.DebugLocal.ActiveCfg = Debug|.NET
		{E11D72AF-CDDC-4EC4-AC05-F5F93E30395B}.DebugLocal.Build.0 = Debug|.NET
		{E11D72AF-CDDC-4EC4-AC05-F5F93E30395B}.Production.ActiveCfg = Release|.NET
		{E11D72AF-CDDC-4EC4-AC05-F5F93E30395B}.Production.Build.0 = Release|.NET
		{E11D72AF-CDDC-4EC4-AC05-F5F93E30395B}.Release.ActiveCfg = Release|.NET
		{E11D72AF-CDDC-4EC4-AC05-F5F93E30395B}.Release.Build.0 = Release|.NET
		{6AC97717-899D-4F72-BC5B-2C37959CD4FF}.Debug.ActiveCfg = Debug|.NET
		{6AC97717-899D-4F72-BC5B-2C37959CD4FF}.Debug.Build.0 = Debug|.NET
		{6AC97717-899D-4F72-BC5B-2C37959CD4FF}.DebugLocal.ActiveCfg = Debug|.NET
		{6AC97717-899D-4F72-BC5B-2C37959CD4FF}.DebugLocal.Build.0 = Debug|.NET
		{6AC97717-899D-4F72-BC5B-2C37959CD4FF}.Production.ActiveCfg = Release|.NET
		{6AC97717-899D-4F72-BC5B-2C37959CD4FF}.Production.Build.0 = Release|.NET
		{6AC97717-899D-4F72-BC5B-2C37959CD4FF}.Release.ActiveCfg = Release|.NET
		{6AC97717-899D-4F72-BC5B-2C37959CD4FF}.Release.Build.0 = Release|.NET
		{F80ABB9A-56C5-4FC8-82F2-0DFEAAAC97A3}.Debug.ActiveCfg = Debug|.NET
		{F80ABB9A-56C5-4FC8-82F2-0DFEAAAC97A3}.Debug.Build.0 = Debug|.NET
		{F80ABB9A-56C5-4FC8-82F2-0DFEAAAC97A3}.DebugLocal.ActiveCfg = Debug|.NET
		{F80ABB9A-56C5-4FC8-82F2-0DFEAAAC97A3}.DebugLocal.Build.0 = Debug|.NET
		{F80ABB9A-56C5-4FC8-82F2-0DFEAAAC97A3}.Production.ActiveCfg = Release|.NET
		{F80ABB9A-56C5-4FC8-82F2-0DFEAAAC97A3}.Production.Build.0 = Release|.NET
		{F80ABB9A-56C5-4FC8-82F2-0DFEAAAC97A3}.Release.ActiveCfg = Release|.NET
		{F80ABB9A-56C5-4FC8-82F2-0DFEAAAC97A3}.Release.Build.0 = Release|.NET
		{7F0D04A8-EB9A-493B-95A4-77958ACA3494}.Debug.ActiveCfg = Debug|.NET
		{7F0D04A8-EB9A-493B-95A4-77958ACA3494}.Debug.Build.0 = Debug|.NET
		{7F0D04A8-EB9A-493B-95A4-77958ACA3494}.DebugLocal.ActiveCfg = Debug|.NET
		{7F0D04A8-EB9A-493B-95A4-77958ACA3494}.DebugLocal.Build.0 = Debug|.NET
		{7F0D04A8-EB9A-493B-95A4-77958ACA3494}.Production.ActiveCfg = Release|.NET
		{7F0D04A8-EB9A-493B-95A4-77958ACA3494}.Production.Build.0 = Release|.NET
		{7F0D04A8-EB9A-493B-95A4-77958ACA3494}.Release.ActiveCfg = Release|.NET
		{7F0D04A8-EB9A-493B-95A4-77958ACA3494}.Release.Build.0 = Release|.NET
		{9A27A4C5-1A31-4658-90A1-96E6E84EFD92}.Debug.ActiveCfg = Debug|.NET
		{9A27A4C5-1A31-4658-90A1-96E6E84EFD92}.Debug.Build.0 = Debug|.NET
		{9A27A4C5-1A31-4658-90A1-96E6E84EFD92}.DebugLocal.ActiveCfg = Debug|.NET
		{9A27A4C5-1A31-4658-90A1-96E6E84EFD92}.DebugLocal.Build.0 = Debug|.NET
		{9A27A4C5-1A31-4658-90A1-96E6E84EFD92}.Production.ActiveCfg = Release|.NET
		{9A27A4C5-1A31-4658-90A1-96E6E84EFD92}.Production.Build.0 = Release|.NET
		{9A27A4C5-1A31-4658-90A1-96E6E84EFD92}.Release.ActiveCfg = Release|.NET
		{9A27A4C5-1A31-4658-90A1-96E6E84EFD92}.Release.Build.0 = Release|.NET
		{76A11848-082D-4EDE-B047-72D324002AA7}.Debug.ActiveCfg = Debug|.NET
		{76A11848-082D-4EDE-B047-72D324002AA7}.Debug.Build.0 = Debug|.NET
		{76A11848-082D-4EDE-B047-72D324002AA7}.DebugLocal.ActiveCfg = Debug|.NET
		{76A11848-082D-4EDE-B047-72D324002AA7}.DebugLocal.Build.0 = Debug|.NET
		{76A11848-082D-4EDE-B047-72D324002AA7}.Production.ActiveCfg = Release|.NET
		{76A11848-082D-4EDE-B047-72D324002AA7}.Production.Build.0 = Release|.NET
		{76A11848-082D-4EDE-B047-72D324002AA7}.Release.ActiveCfg = Release|.NET
		{76A11848-082D-4EDE-B047-72D324002AA7}.Release.Build.0 = Release|.NET
		{CF2CBDAD-4D43-45EA-9D40-4CD9CC7EE744}.Debug.ActiveCfg = Debug|.NET
		{CF2CBDAD-4D43-45EA-9D40-4CD9CC7EE744}.Debug.Build.0 = Debug|.NET
		{CF2CBDAD-4D43-45EA-9D40-4CD9CC7EE744}.DebugLocal.ActiveCfg = Debug|.NET
		{CF2CBDAD-4D43-45EA-9D40-4CD9CC7EE744}.DebugLocal.Build.0 = Debug|.NET
		{CF2CBDAD-4D43-45EA-9D40-4CD9CC7EE744}.Production.ActiveCfg = Release|.NET
		{CF2CBDAD-4D43-45EA-9D40-4CD9CC7EE744}.Production.Build.0 = Release|.NET
		{CF2CBDAD-4D43-45EA-9D40-4CD9CC7EE744}.Release.ActiveCfg = Release|.NET
		{CF2CBDAD-4D43-45EA-9D40-4CD9CC7EE744}.Release.Build.0 = Release|.NET
		{7435C67D-721D-46BA-BDC6-C58939AF373D}.Debug.ActiveCfg = Debug|.NET
		{7435C67D-721D-46BA-BDC6-C58939AF373D}.Debug.Build.0 = Debug|.NET
		{7435C67D-721D-46BA-BDC6-C58939AF373D}.DebugLocal.ActiveCfg = Debug|.NET
		{7435C67D-721D-46BA-BDC6-C58939AF373D}.DebugLocal.Build.0 = Debug|.NET
		{7435C67D-721D-46BA-BDC6-C58939AF373D}.Production.ActiveCfg = Release|.NET
		{7435C67D-721D-46BA-BDC6-C58939AF373D}.Production.Build.0 = Release|.NET
		{7435C67D-721D-46BA-BDC6-C58939AF373D}.Release.ActiveCfg = Release|.NET
		{7435C67D-721D-46BA-BDC6-C58939AF373D}.Release.Build.0 = Release|.NET
		{13D8F7BD-6375-4F22-818D-1F88B04A263E}.Debug.ActiveCfg = Debug|.NET
		{13D8F7BD-6375-4F22-818D-1F88B04A263E}.Debug.Build.0 = Debug|.NET
		{13D8F7BD-6375-4F22-818D-1F88B04A263E}.DebugLocal.ActiveCfg = Debug|.NET
		{13D8F7BD-6375-4F22-818D-1F88B04A263E}.DebugLocal.Build.0 = Debug|.NET
		{13D8F7BD-6375-4F22-818D-1F88B04A263E}.Production.ActiveCfg = Release|.NET
		{13D8F7BD-6375-4F22-818D-1F88B04A263E}.Production.Build.0 = Release|.NET
		{13D8F7BD-6375-4F22-818D-1F88B04A263E}.Release.ActiveCfg = Release|.NET
		{13D8F7BD-6375-4F22-818D-1F88B04A263E}.Release.Build.0 = Release|.NET
		{C39A7992-F015-432D-BD1D-F1326034BF0E}.Debug.ActiveCfg = Debug|.NET
		{C39A7992-F015-432D-BD1D-F1326034BF0E}.Debug.Build.0 = Debug|.NET
		{C39A7992-F015-432D-BD1D-F1326034BF0E}.DebugLocal.ActiveCfg = Debug|.NET
		{C39A7992-F015-432D-BD1D-F1326034BF0E}.DebugLocal.Build.0 = Debug|.NET
		{C39A7992-F015-432D-BD1D-F1326034BF0E}.Production.ActiveCfg = Release|.NET
		{C39A7992-F015-432D-BD1D-F1326034BF0E}.Production.Build.0 = Release|.NET
		{C39A7992-F015-432D-BD1D-F1326034BF0E}.Release.ActiveCfg = Release|.NET
		{C39A7992-F015-432D-BD1D-F1326034BF0E}.Release.Build.0 = Release|.NET
		{5CD7043A-0C88-4BE8-892E-41232672497A}.Debug.ActiveCfg = Debug|.NET
		{5CD7043A-0C88-4BE8-892E-41232672497A}.Debug.Build.0 = Debug|.NET
		{5CD7043A-0C88-4BE8-892E-41232672497A}.DebugLocal.ActiveCfg = Debug|.NET
		{5CD7043A-0C88-4BE8-892E-41232672497A}.DebugLocal.Build.0 = Debug|.NET
		{5CD7043A-0C88-4BE8-892E-41232672497A}.Production.ActiveCfg = Release|.NET
		{5CD7043A-0C88-4BE8-892E-41232672497A}.Production.Build.0 = Release|.NET
		{5CD7043A-0C88-4BE8-892E-41232672497A}.Release.ActiveCfg = Release|.NET
		{5CD7043A-0C88-4BE8-892E-41232672497A}.Release.Build.0 = Release|.NET
		{933575C4-BCAC-47E0-B651-C57FBC5CE58E}.Debug.ActiveCfg = Debug|.NET
		{933575C4-BCAC-47E0-B651-C57FBC5CE58E}.Debug.Build.0 = Debug|.NET
		{933575C4-BCAC-47E0-B651-C57FBC5CE58E}.DebugLocal.ActiveCfg = Debug|.NET
		{933575C4-BCAC-47E0-B651-C57FBC5CE58E}.DebugLocal.Build.0 = Debug|.NET
		{933575C4-BCAC-47E0-B651-C57FBC5CE58E}.Production.ActiveCfg = Release|.NET
		{933575C4-BCAC-47E0-B651-C57FBC5CE58E}.Production.Build.0 = Release|.NET
		{933575C4-BCAC-47E0-B651-C57FBC5CE58E}.Release.ActiveCfg = Release|.NET
		{933575C4-BCAC-47E0-B651-C57FBC5CE58E}.Release.Build.0 = Release|.NET
		{028EE3EB-DF29-40D3-AD49-448B2DADAA1B}.Debug.ActiveCfg = Debug|.NET
		{028EE3EB-DF29-40D3-AD49-448B2DADAA1B}.Debug.Build.0 = Debug|.NET
		{028EE3EB-DF29-40D3-AD49-448B2DADAA1B}.DebugLocal.ActiveCfg = Debug|.NET
		{028EE3EB-DF29-40D3-AD49-448B2DADAA1B}.DebugLocal.Build.0 = Debug|.NET
		{028EE3EB-DF29-40D3-AD49-448B2DADAA1B}.Production.ActiveCfg = Release|.NET
		{028EE3EB-DF29-40D3-AD49-448B2DADAA1B}.Production.Build.0 = Release|.NET
		{028EE3EB-DF29-40D3-AD49-448B2DADAA1B}.Release.ActiveCfg = Release|.NET
		{028EE3EB-DF29-40D3-AD49-448B2DADAA1B}.Release.Build.0 = Release|.NET
		{69FE71D7-F198-4B7D-9715-E0FC04EC5660}.Debug.ActiveCfg = Debug|.NET
		{69FE71D7-F198-4B7D-9715-E0FC04EC5660}.Debug.Build.0 = Debug|.NET
		{69FE71D7-F198-4B7D-9715-E0FC04EC5660}.DebugLocal.ActiveCfg = Debug|.NET
		{69FE71D7-F198-4B7D-9715-E0FC04EC5660}.DebugLocal.Build.0 = Debug|.NET
		{69FE71D7-F198-4B7D-9715-E0FC04EC5660}.Production.ActiveCfg = Release|.NET
		{69FE71D7-F198-4B7D-9715-E0FC04EC5660}.Production.Build.0 = Release|.NET
		{69FE71D7-F198-4B7D-9715-E0FC04EC5660}.Release.ActiveCfg = Release|.NET
		{69FE71D7-F198-4B7D-9715-E0FC04EC5660}.Release.Build.0 = Release|.NET
		{6A4E6A8A-A39F-4643-BA9B-87AED00BB03E}.Debug.ActiveCfg = Debug|.NET
		{6A4E6A8A-A39F-4643-BA9B-87AED00BB03E}.Debug.Build.0 = Debug|.NET
		{6A4E6A8A-A39F-4643-BA9B-87AED00BB03E}.DebugLocal.ActiveCfg = Debug|.NET
		{6A4E6A8A-A39F-4643-BA9B-87AED00BB03E}.DebugLocal.Build.0 = Debug|.NET
		{6A4E6A8A-A39F-4643-BA9B-87AED00BB03E}.Production.ActiveCfg = Release|.NET
		{6A4E6A8A-A39F-4643-BA9B-87AED00BB03E}.Production.Build.0 = Release|.NET
		{6A4E6A8A-A39F-4643-BA9B-87AED00BB03E}.Release.ActiveCfg = Release|.NET
		{6A4E6A8A-A39F-4643-BA9B-87AED00BB03E}.Release.Build.0 = Release|.NET
		{1953D012-20B0-4166-B821-E6A5D4D36225}.Debug.ActiveCfg = Debug|.NET
		{1953D012-20B0-4166-B821-E6A5D4D36225}.Debug.Build.0 = Debug|.NET
		{1953D012-20B0-4166-B821-E6A5D4D36225}.DebugLocal.ActiveCfg = Debug|.NET
		{1953D012-20B0-4166-B821-E6A5D4D36225}.DebugLocal.Build.0 = Debug|.NET
		{1953D012-20B0-4166-B821-E6A5D4D36225}.Production.ActiveCfg = Release|.NET
		{1953D012-20B0-4166-B821-E6A5D4D36225}.Production.Build.0 = Release|.NET
		{1953D012-20B0-4166-B821-E6A5D4D36225}.Release.ActiveCfg = Release|.NET
		{1953D012-20B0-4166-B821-E6A5D4D36225}.Release.Build.0 = Release|.NET
		{82C3FB1F-EFD3-4F91-8BA3-A2830551D3D0}.Debug.ActiveCfg = Debug|.NET
		{82C3FB1F-EFD3-4F91-8BA3-A2830551D3D0}.Debug.Build.0 = Debug|.NET
		{82C3FB1F-EFD3-4F91-8BA3-A2830551D3D0}.DebugLocal.ActiveCfg = Debug|.NET
		{82C3FB1F-EFD3-4F91-8BA3-A2830551D3D0}.DebugLocal.Build.0 = Debug|.NET
		{82C3FB1F-EFD3-4F91-8BA3-A2830551D3D0}.Production.ActiveCfg = Release|.NET
		{82C3FB1F-EFD3-4F91-8BA3-A2830551D3D0}.Production.Build.0 = Release|.NET
		{82C3FB1F-EFD3-4F91-8BA3-A2830551D3D0}.Release.ActiveCfg = Release|.NET
		{82C3FB1F-EFD3-4F91-8BA3-A2830551D3D0}.Release.Build.0 = Release|.NET
		{B40313C8-C777-4793-BDF7-290895B600EF}.Debug.ActiveCfg = Debug|.NET
		{B40313C8-C777-4793-BDF7-290895B600EF}.Debug.Build.0 = Debug|.NET
		{B40313C8-C777-4793-BDF7-290895B600EF}.DebugLocal.ActiveCfg = Debug|.NET
		{B40313C8-C777-4793-BDF7-290895B600EF}.DebugLocal.Build.0 = Debug|.NET
		{B40313C8-C777-4793-BDF7-290895B600EF}.Production.ActiveCfg = Release|.NET
		{B40313C8-C777-4793-BDF7-290895B600EF}.Production.Build.0 = Release|.NET
		{B40313C8-C777-4793-BDF7-290895B600EF}.Release.ActiveCfg = Release|.NET
		{B40313C8-C777-4793-BDF7-290895B600EF}.Release.Build.0 = Release|.NET
		{A29EBA9C-E56E-48F4-87F7-DD40701BEF93}.Debug.ActiveCfg = Debug|.NET
		{A29EBA9C-E56E-48F4-87F7-DD40701BEF93}.Debug.Build.0 = Debug|.NET
		{A29EBA9C-E56E-48F4-87F7-DD40701BEF93}.DebugLocal.ActiveCfg = Debug|.NET
		{A29EBA9C-E56E-48F4-87F7-DD40701BEF93}.DebugLocal.Build.0 = Debug|.NET
		{A29EBA9C-E56E-48F4-87F7-DD40701BEF93}.Production.ActiveCfg = Release|.NET
		{A29EBA9C-E56E-48F4-87F7-DD40701BEF93}.Production.Build.0 = Release|.NET
		{A29EBA9C-E56E-48F4-87F7-DD40701BEF93}.Release.ActiveCfg = Release|.NET
		{A29EBA9C-E56E-48F4-87F7-DD40701BEF93}.Release.Build.0 = Release|.NET
		{5C520915-55DD-4294-8487-829E76762740}.Debug.ActiveCfg = Debug|.NET
		{5C520915-55DD-4294-8487-829E76762740}.Debug.Build.0 = Debug|.NET
		{5C520915-55DD-4294-8487-829E76762740}.DebugLocal.ActiveCfg = Debug|.NET
		{5C520915-55DD-4294-8487-829E76762740}.DebugLocal.Build.0 = Debug|.NET
		{5C520915-55DD-4294-8487-829E76762740}.Production.ActiveCfg = Release|.NET
		{5C520915-55DD-4294-8487-829E76762740}.Production.Build.0 = Release|.NET
		{5C520915-55DD-4294-8487-829E76762740}.Release.ActiveCfg = Release|.NET
		{5C520915-55DD-4294-8487-829E76762740}.Release.Build.0 = Release|.NET
		{3C6BB980-EA8F-4C2C-A72B-60C3BCE7515E}.Debug.ActiveCfg = Debug|.NET
		{3C6BB980-EA8F-4C2C-A72B-60C3BCE7515E}.Debug.Build.0 = Debug|.NET
		{3C6BB980-EA8F-4C2C-A72B-60C3BCE7515E}.DebugLocal.ActiveCfg = Debug|.NET
		{3C6BB980-EA8F-4C2C-A72B-60C3BCE7515E}.DebugLocal.Build.0 = Debug|.NET
		{3C6BB980-EA8F-4C2C-A72B-60C3BCE7515E}.Production.ActiveCfg = Release|.NET
		{3C6BB980-EA8F-4C2C-A72B-60C3BCE7515E}.Production.Build.0 = Release|.NET
		{3C6BB980-EA8F-4C2C-A72B-60C3BCE7515E}.Release.ActiveCfg = Release|.NET
		{3C6BB980-EA8F-4C2C-A72B-60C3BCE7515E}.Release.Build.0 = Release|.NET
		{DD6C7F92-D769-4E1A-9BE4-C15A22934B2F}.Debug.ActiveCfg = Debug|.NET
		{DD6C7F92-D769-4E1A-9BE4-C15A22934B2F}.Debug.Build.0 = Debug|.NET
		{DD6C7F92-D769-4E1A-9BE4-C15A22934B2F}.DebugLocal.ActiveCfg = Debug|.NET
		{DD6C7F92-D769-4E1A-9BE4-C15A22934B2F}.DebugLocal.Build.0 = Debug|.NET
		{DD6C7F92-D769-4E1A-9BE4-C15A22934B2F}.Production.ActiveCfg = Release|.NET
		{DD6C7F92-D769-4E1A-9BE4-C15A22934B2F}.Production.Build.0 = Release|.NET
		{DD6C7F92-D769-4E1A-9BE4-C15A22934B2F}.Release.ActiveCfg = Release|.NET
		{DD6C7F92-D769-4E1A-9BE4-C15A22934B2F}.Release.Build.0 = Release|.NET
		{152A511F-BC10-4D36-A5FF-891BD16D58C9}.Debug.ActiveCfg = Debug|.NET
		{152A511F-BC10-4D36-A5FF-891BD16D58C9}.Debug.Build.0 = Debug|.NET
		{152A511F-BC10-4D36-A5FF-891BD16D58C9}.DebugLocal.ActiveCfg = Debug|.NET
		{152A511F-BC10-4D36-A5FF-891BD16D58C9}.DebugLocal.Build.0 = Debug|.NET
		{152A511F-BC10-4D36-A5FF-891BD16D58C9}.Production.ActiveCfg = Release|.NET
		{152A511F-BC10-4D36-A5FF-891BD16D58C9}.Production.Build.0 = Release|.NET
		{152A511F-BC10-4D36-A5FF-891BD16D58C9}.Release.ActiveCfg = Release|.NET
		{152A511F-BC10-4D36-A5FF-891BD16D58C9}.Release.Build.0 = Release|.NET
		{8DF66423-5A9B-4763-B6F9-80185F887161}.Debug.ActiveCfg = Debug|.NET
		{8DF66423-5A9B-4763-B6F9-80185F887161}.Debug.Build.0 = Debug|.NET
		{8DF66423-5A9B-4763-B6F9-80185F887161}.DebugLocal.ActiveCfg = Debug|.NET
		{8DF66423-5A9B-4763-B6F9-80185F887161}.DebugLocal.Build.0 = Debug|.NET
		{8DF66423-5A9B-4763-B6F9-80185F887161}.Production.ActiveCfg = Release|.NET
		{8DF66423-5A9B-4763-B6F9-80185F887161}.Production.Build.0 = Release|.NET
		{8DF66423-5A9B-4763-B6F9-80185F887161}.Release.ActiveCfg = Release|.NET
		{8DF66423-5A9B-4763-B6F9-80185F887161}.Release.Build.0 = Release|.NET
		{F0194901-CAED-4FD1-925A-CC10D6D3F1A9}.Debug.ActiveCfg = Debug|.NET
		{F0194901-CAED-4FD1-925A-CC10D6D3F1A9}.Debug.Build.0 = Debug|.NET
		{F0194901-CAED-4FD1-925A-CC10D6D3F1A9}.DebugLocal.ActiveCfg = Debug|.NET
		{F0194901-CAED-4FD1-925A-CC10D6D3F1A9}.DebugLocal.Build.0 = Debug|.NET
		{F0194901-CAED-4FD1-925A-CC10D6D3F1A9}.Production.ActiveCfg = Release|.NET
		{F0194901-CAED-4FD1-925A-CC10D6D3F1A9}.Production.Build.0 = Release|.NET
		{F0194901-CAED-4FD1-925A-CC10D6D3F1A9}.Release.ActiveCfg = Release|.NET
		{F0194901-CAED-4FD1-925A-CC10D6D3F1A9}.Release.Build.0 = Release|.NET
	EndGlobalSection
	GlobalSection(ExtensibilityGlobals) = postSolution
	EndGlobalSection
	GlobalSection(ExtensibilityAddIns) = postSolution
	EndGlobalSection
EndGlobal
