Microsoft Visual Studio Solution File, Format Version 8.00
Project("{FAE04EC0-301F-11D3-BF4B-00C04F79EFBC}") = "Common", "Common\Common.csproj", "{A09297C8-2C40-470B-8856-D856676DDFFA}"
	ProjectSection(ProjectDependencies) = postProject
	EndProjectSection
EndProject
Global
	GlobalSection(DPCodeReviewSolutionGUID) = preSolution
		DPCodeReviewSolutionGUID = {00000000-0000-0000-0000-000000000000}
	EndGlobalSection
	GlobalSection(SolutionConfiguration) = preSolution
		Debug = Debug
		DebugLongRunningTests = DebugLongRunningTests
		DebugUnitTests = DebugUnitTests
		Release = Release
		ReleaseFinal = ReleaseFinal
		ReleaseUnitTests = ReleaseUnitTests
	EndGlobalSection
	GlobalSection(ProjectConfiguration) = postSolution
		{A09297C8-2C40-470B-8856-D856676DDFFA}.Debug.ActiveCfg = Debug|.NET
		{A09297C8-2C40-470B-8856-D856676DDFFA}.Debug.Build.0 = Debug|.NET
		{A09297C8-2C40-470B-8856-D856676DDFFA}.DebugLongRunningTests.ActiveCfg = DebugLongRunningTests|.NET
		{A09297C8-2C40-470B-8856-D856676DDFFA}.DebugLongRunningTests.Build.0 = DebugLongRunningTests|.NET
		{A09297C8-2C40-470B-8856-D856676DDFFA}.DebugUnitTests.ActiveCfg = DebugUnitTests|.NET
		{A09297C8-2C40-470B-8856-D856676DDFFA}.DebugUnitTests.Build.0 = DebugUnitTests|.NET
		{A09297C8-2C40-470B-8856-D856676DDFFA}.Release.ActiveCfg = Release|.NET
		{A09297C8-2C40-470B-8856-D856676DDFFA}.Release.Build.0 = Release|.NET
		{A09297C8-2C40-470B-8856-D856676DDFFA}.ReleaseFinal.ActiveCfg = ReleaseFinal|.NET
		{A09297C8-2C40-470B-8856-D856676DDFFA}.ReleaseFinal.Build.0 = ReleaseFinal|.NET
		{A09297C8-2C40-470B-8856-D856676DDFFA}.ReleaseUnitTests.ActiveCfg = ReleaseUnitTests|.NET
		{A09297C8-2C40-470B-8856-D856676DDFFA}.ReleaseUnitTests.Build.0 = ReleaseUnitTests|.NET
	EndGlobalSection
	GlobalSection(ExtensibilityGlobals) = postSolution
	EndGlobalSection
	GlobalSection(ExtensibilityAddIns) = postSolution
	EndGlobalSection
EndGlobal
