Microsoft Visual Studio Solution File, Format Version 8.00
Project("{FAE04EC0-301F-11D3-BF4B-00C04F79EFBC}") = "Common", "Common\Common.csproj", "{A09297C8-2C40-470B-8856-D856676DDFFA}"
	ProjectSection(ProjectDependencies) = postProject
	EndProjectSection
EndProject
Project("{FAE04EC0-301F-11D3-BF4B-00C04F79EFBC}") = "Configuration", "Configuration\Configuration.csproj", "{D1BB1AB9-453A-4923-B77C-FA6F1D2802F9}"
	ProjectSection(ProjectDependencies) = postProject
	EndProjectSection
EndProject
Project("{FAE04EC0-301F-11D3-BF4B-00C04F79EFBC}") = "Configuration.Design", "Configuration\Design\Configuration.Design.csproj", "{D6AAB55A-8C43-46B7-9EE4-EB8D1E1BFC17}"
	ProjectSection(ProjectDependencies) = postProject
	EndProjectSection
EndProject
Project("{FAE04EC0-301F-11D3-BF4B-00C04F79EFBC}") = "ExceptionHandling", "ExceptionHandling\ExceptionHandling.csproj", "{2DB0AD6D-BF59-4EBB-9F99-49ABD8539FD2}"
	ProjectSection(ProjectDependencies) = postProject
	EndProjectSection
EndProject
Project("{FAE04EC0-301F-11D3-BF4B-00C04F79EFBC}") = "ExceptionHandling.Configuration.Design", "ExceptionHandling\Configuration\Design\ExceptionHandling.Configuration.Design.csproj", "{3D0BE7D5-585F-4549-8490-B8E864298456}"
	ProjectSection(ProjectDependencies) = postProject
	EndProjectSection
EndProject
Project("{FAE04EC0-301F-11D3-BF4B-00C04F79EFBC}") = "ExceptionHandling.Logging", "ExceptionHandling\Logging\ExceptionHandling.Logging.csproj", "{EC311AD3-0A26-4808-901B-A983E97E5790}"
	ProjectSection(ProjectDependencies) = postProject
	EndProjectSection
EndProject
Project("{FAE04EC0-301F-11D3-BF4B-00C04F79EFBC}") = "Logging", "Logging\Logging.csproj", "{6AC97717-899D-4F72-BC5B-2C37959CD4FF}"
	ProjectSection(ProjectDependencies) = postProject
	EndProjectSection
EndProject
Project("{FAE04EC0-301F-11D3-BF4B-00C04F79EFBC}") = "Logging.Configuration.Design", "Logging\Configuration\Design\Logging.Configuration.Design.csproj", "{F80ABB9A-56C5-4FC8-82F2-0DFEAAAC97A3}"
	ProjectSection(ProjectDependencies) = postProject
	EndProjectSection
EndProject
Project("{FAE04EC0-301F-11D3-BF4B-00C04F79EFBC}") = "Tools.ConfigurationConsole", "Tools\ConfigurationConsole\Tools.ConfigurationConsole.csproj", "{3C6BB980-EA8F-4C2C-A72B-60C3BCE7515E}"
	ProjectSection(ProjectDependencies) = postProject
	EndProjectSection
EndProject
Project("{FAE04EC0-301F-11D3-BF4B-00C04F79EFBC}") = "ExceptionHandling.Logging.Configuration.Design", "ExceptionHandling\Logging\Configuration\Design\ExceptionHandling.Logging.Configuration.Design.csproj", "{E11D72AF-CDDC-4EC4-AC05-F5F93E30395B}"
	ProjectSection(ProjectDependencies) = postProject
	EndProjectSection
EndProject
Global
	GlobalSection(SolutionConfiguration) = preSolution
		Debug = Debug
		DebugLongRunningTests = DebugLongRunningTests
		DebugUnitTests = DebugUnitTests
		Release = Release
		ReleaseFinal = ReleaseFinal
		ReleaseUnitTests = ReleaseUnitTests
	EndGlobalSection
	GlobalSection(ProjectConfiguration) = postSolution
		{A09297C8-2C40-470B-8856-D856676DDFFA}.Debug.ActiveCfg = Debug|.NET
		{A09297C8-2C40-470B-8856-D856676DDFFA}.Debug.Build.0 = Debug|.NET
		{A09297C8-2C40-470B-8856-D856676DDFFA}.DebugLongRunningTests.ActiveCfg = DebugLongRunningTests|.NET
		{A09297C8-2C40-470B-8856-D856676DDFFA}.DebugLongRunningTests.Build.0 = DebugLongRunningTests|.NET
		{A09297C8-2C40-470B-8856-D856676DDFFA}.DebugUnitTests.ActiveCfg = DebugUnitTests|.NET
		{A09297C8-2C40-470B-8856-D856676DDFFA}.DebugUnitTests.Build.0 = DebugUnitTests|.NET
		{A09297C8-2C40-470B-8856-D856676DDFFA}.Release.ActiveCfg = Release|.NET
		{A09297C8-2C40-470B-8856-D856676DDFFA}.Release.Build.0 = Release|.NET
		{A09297C8-2C40-470B-8856-D856676DDFFA}.ReleaseFinal.ActiveCfg = ReleaseFinal|.NET
		{A09297C8-2C40-470B-8856-D856676DDFFA}.ReleaseFinal.Build.0 = ReleaseFinal|.NET
		{A09297C8-2C40-470B-8856-D856676DDFFA}.ReleaseUnitTests.ActiveCfg = ReleaseUnitTests|.NET
		{A09297C8-2C40-470B-8856-D856676DDFFA}.ReleaseUnitTests.Build.0 = ReleaseUnitTests|.NET
		{D1BB1AB9-453A-4923-B77C-FA6F1D2802F9}.Debug.ActiveCfg = Debug|.NET
		{D1BB1AB9-453A-4923-B77C-FA6F1D2802F9}.Debug.Build.0 = Debug|.NET
		{D1BB1AB9-453A-4923-B77C-FA6F1D2802F9}.DebugLongRunningTests.ActiveCfg = DebugLongRunningTests|.NET
		{D1BB1AB9-453A-4923-B77C-FA6F1D2802F9}.DebugLongRunningTests.Build.0 = DebugLongRunningTests|.NET
		{D1BB1AB9-453A-4923-B77C-FA6F1D2802F9}.DebugUnitTests.ActiveCfg = DebugUnitTests|.NET
		{D1BB1AB9-453A-4923-B77C-FA6F1D2802F9}.DebugUnitTests.Build.0 = DebugUnitTests|.NET
		{D1BB1AB9-453A-4923-B77C-FA6F1D2802F9}.Release.ActiveCfg = Release|.NET
		{D1BB1AB9-453A-4923-B77C-FA6F1D2802F9}.Release.Build.0 = Release|.NET
		{D1BB1AB9-453A-4923-B77C-FA6F1D2802F9}.ReleaseFinal.ActiveCfg = ReleaseFinal|.NET
		{D1BB1AB9-453A-4923-B77C-FA6F1D2802F9}.ReleaseFinal.Build.0 = ReleaseFinal|.NET
		{D1BB1AB9-453A-4923-B77C-FA6F1D2802F9}.ReleaseUnitTests.ActiveCfg = ReleaseUnitTests|.NET
		{D1BB1AB9-453A-4923-B77C-FA6F1D2802F9}.ReleaseUnitTests.Build.0 = ReleaseUnitTests|.NET
		{D6AAB55A-8C43-46B7-9EE4-EB8D1E1BFC17}.Debug.ActiveCfg = Debug|.NET
		{D6AAB55A-8C43-46B7-9EE4-EB8D1E1BFC17}.Debug.Build.0 = Debug|.NET
		{D6AAB55A-8C43-46B7-9EE4-EB8D1E1BFC17}.DebugLongRunningTests.ActiveCfg = DebugLongRunningTests|.NET
		{D6AAB55A-8C43-46B7-9EE4-EB8D1E1BFC17}.DebugLongRunningTests.Build.0 = DebugLongRunningTests|.NET
		{D6AAB55A-8C43-46B7-9EE4-EB8D1E1BFC17}.DebugUnitTests.ActiveCfg = DebugUnitTests|.NET
		{D6AAB55A-8C43-46B7-9EE4-EB8D1E1BFC17}.DebugUnitTests.Build.0 = DebugUnitTests|.NET
		{D6AAB55A-8C43-46B7-9EE4-EB8D1E1BFC17}.Release.ActiveCfg = Release|.NET
		{D6AAB55A-8C43-46B7-9EE4-EB8D1E1BFC17}.Release.Build.0 = Release|.NET
		{D6AAB55A-8C43-46B7-9EE4-EB8D1E1BFC17}.ReleaseFinal.ActiveCfg = ReleaseFinal|.NET
		{D6AAB55A-8C43-46B7-9EE4-EB8D1E1BFC17}.ReleaseFinal.Build.0 = ReleaseFinal|.NET
		{D6AAB55A-8C43-46B7-9EE4-EB8D1E1BFC17}.ReleaseUnitTests.ActiveCfg = ReleaseUnitTests|.NET
		{D6AAB55A-8C43-46B7-9EE4-EB8D1E1BFC17}.ReleaseUnitTests.Build.0 = ReleaseUnitTests|.NET
		{2DB0AD6D-BF59-4EBB-9F99-49ABD8539FD2}.Debug.ActiveCfg = Debug|.NET
		{2DB0AD6D-BF59-4EBB-9F99-49ABD8539FD2}.Debug.Build.0 = Debug|.NET
		{2DB0AD6D-BF59-4EBB-9F99-49ABD8539FD2}.DebugLongRunningTests.ActiveCfg = DebugLongRunningTests|.NET
		{2DB0AD6D-BF59-4EBB-9F99-49ABD8539FD2}.DebugLongRunningTests.Build.0 = DebugLongRunningTests|.NET
		{2DB0AD6D-BF59-4EBB-9F99-49ABD8539FD2}.DebugUnitTests.ActiveCfg = DebugUnitTests|.NET
		{2DB0AD6D-BF59-4EBB-9F99-49ABD8539FD2}.DebugUnitTests.Build.0 = DebugUnitTests|.NET
		{2DB0AD6D-BF59-4EBB-9F99-49ABD8539FD2}.Release.ActiveCfg = Release|.NET
		{2DB0AD6D-BF59-4EBB-9F99-49ABD8539FD2}.Release.Build.0 = Release|.NET
		{2DB0AD6D-BF59-4EBB-9F99-49ABD8539FD2}.ReleaseFinal.ActiveCfg = ReleaseFinal|.NET
		{2DB0AD6D-BF59-4EBB-9F99-49ABD8539FD2}.ReleaseFinal.Build.0 = ReleaseFinal|.NET
		{2DB0AD6D-BF59-4EBB-9F99-49ABD8539FD2}.ReleaseUnitTests.ActiveCfg = ReleaseUnitTests|.NET
		{2DB0AD6D-BF59-4EBB-9F99-49ABD8539FD2}.ReleaseUnitTests.Build.0 = ReleaseUnitTests|.NET
		{3D0BE7D5-585F-4549-8490-B8E864298456}.Debug.ActiveCfg = Debug|.NET
		{3D0BE7D5-585F-4549-8490-B8E864298456}.Debug.Build.0 = Debug|.NET
		{3D0BE7D5-585F-4549-8490-B8E864298456}.DebugLongRunningTests.ActiveCfg = DebugLongRunningTests|.NET
		{3D0BE7D5-585F-4549-8490-B8E864298456}.DebugLongRunningTests.Build.0 = DebugLongRunningTests|.NET
		{3D0BE7D5-585F-4549-8490-B8E864298456}.DebugUnitTests.ActiveCfg = DebugUnitTests|.NET
		{3D0BE7D5-585F-4549-8490-B8E864298456}.DebugUnitTests.Build.0 = DebugUnitTests|.NET
		{3D0BE7D5-585F-4549-8490-B8E864298456}.Release.ActiveCfg = Release|.NET
		{3D0BE7D5-585F-4549-8490-B8E864298456}.Release.Build.0 = Release|.NET
		{3D0BE7D5-585F-4549-8490-B8E864298456}.ReleaseFinal.ActiveCfg = ReleaseFinal|.NET
		{3D0BE7D5-585F-4549-8490-B8E864298456}.ReleaseFinal.Build.0 = ReleaseFinal|.NET
		{3D0BE7D5-585F-4549-8490-B8E864298456}.ReleaseUnitTests.ActiveCfg = ReleaseUnitTests|.NET
		{3D0BE7D5-585F-4549-8490-B8E864298456}.ReleaseUnitTests.Build.0 = ReleaseUnitTests|.NET
		{EC311AD3-0A26-4808-901B-A983E97E5790}.Debug.ActiveCfg = Debug|.NET
		{EC311AD3-0A26-4808-901B-A983E97E5790}.Debug.Build.0 = Debug|.NET
		{EC311AD3-0A26-4808-901B-A983E97E5790}.DebugLongRunningTests.ActiveCfg = DebugLongRunningTests|.NET
		{EC311AD3-0A26-4808-901B-A983E97E5790}.DebugLongRunningTests.Build.0 = DebugLongRunningTests|.NET
		{EC311AD3-0A26-4808-901B-A983E97E5790}.DebugUnitTests.ActiveCfg = DebugUnitTests|.NET
		{EC311AD3-0A26-4808-901B-A983E97E5790}.DebugUnitTests.Build.0 = DebugUnitTests|.NET
		{EC311AD3-0A26-4808-901B-A983E97E5790}.Release.ActiveCfg = Release|.NET
		{EC311AD3-0A26-4808-901B-A983E97E5790}.Release.Build.0 = Release|.NET
		{EC311AD3-0A26-4808-901B-A983E97E5790}.ReleaseFinal.ActiveCfg = ReleaseFinal|.NET
		{EC311AD3-0A26-4808-901B-A983E97E5790}.ReleaseFinal.Build.0 = ReleaseFinal|.NET
		{EC311AD3-0A26-4808-901B-A983E97E5790}.ReleaseUnitTests.ActiveCfg = ReleaseUnitTests|.NET
		{EC311AD3-0A26-4808-901B-A983E97E5790}.ReleaseUnitTests.Build.0 = ReleaseUnitTests|.NET
		{6AC97717-899D-4F72-BC5B-2C37959CD4FF}.Debug.ActiveCfg = Debug|.NET
		{6AC97717-899D-4F72-BC5B-2C37959CD4FF}.Debug.Build.0 = Debug|.NET
		{6AC97717-899D-4F72-BC5B-2C37959CD4FF}.DebugLongRunningTests.ActiveCfg = DebugLongRunningTests|.NET
		{6AC97717-899D-4F72-BC5B-2C37959CD4FF}.DebugLongRunningTests.Build.0 = DebugLongRunningTests|.NET
		{6AC97717-899D-4F72-BC5B-2C37959CD4FF}.DebugUnitTests.ActiveCfg = DebugUnitTests|.NET
		{6AC97717-899D-4F72-BC5B-2C37959CD4FF}.DebugUnitTests.Build.0 = DebugUnitTests|.NET
		{6AC97717-899D-4F72-BC5B-2C37959CD4FF}.Release.ActiveCfg = Release|.NET
		{6AC97717-899D-4F72-BC5B-2C37959CD4FF}.Release.Build.0 = Release|.NET
		{6AC97717-899D-4F72-BC5B-2C37959CD4FF}.ReleaseFinal.ActiveCfg = ReleaseFinal|.NET
		{6AC97717-899D-4F72-BC5B-2C37959CD4FF}.ReleaseFinal.Build.0 = ReleaseFinal|.NET
		{6AC97717-899D-4F72-BC5B-2C37959CD4FF}.ReleaseUnitTests.ActiveCfg = ReleaseUnitTests|.NET
		{6AC97717-899D-4F72-BC5B-2C37959CD4FF}.ReleaseUnitTests.Build.0 = ReleaseUnitTests|.NET
		{F80ABB9A-56C5-4FC8-82F2-0DFEAAAC97A3}.Debug.ActiveCfg = Debug|.NET
		{F80ABB9A-56C5-4FC8-82F2-0DFEAAAC97A3}.Debug.Build.0 = Debug|.NET
		{F80ABB9A-56C5-4FC8-82F2-0DFEAAAC97A3}.DebugLongRunningTests.ActiveCfg = DebugLongRunningTests|.NET
		{F80ABB9A-56C5-4FC8-82F2-0DFEAAAC97A3}.DebugLongRunningTests.Build.0 = DebugLongRunningTests|.NET
		{F80ABB9A-56C5-4FC8-82F2-0DFEAAAC97A3}.DebugUnitTests.ActiveCfg = DebugUnitTests|.NET
		{F80ABB9A-56C5-4FC8-82F2-0DFEAAAC97A3}.DebugUnitTests.Build.0 = DebugUnitTests|.NET
		{F80ABB9A-56C5-4FC8-82F2-0DFEAAAC97A3}.Release.ActiveCfg = Release|.NET
		{F80ABB9A-56C5-4FC8-82F2-0DFEAAAC97A3}.Release.Build.0 = Release|.NET
		{F80ABB9A-56C5-4FC8-82F2-0DFEAAAC97A3}.ReleaseFinal.ActiveCfg = ReleaseFinal|.NET
		{F80ABB9A-56C5-4FC8-82F2-0DFEAAAC97A3}.ReleaseFinal.Build.0 = ReleaseFinal|.NET
		{F80ABB9A-56C5-4FC8-82F2-0DFEAAAC97A3}.ReleaseUnitTests.ActiveCfg = ReleaseUnitTests|.NET
		{F80ABB9A-56C5-4FC8-82F2-0DFEAAAC97A3}.ReleaseUnitTests.Build.0 = ReleaseUnitTests|.NET
		{3C6BB980-EA8F-4C2C-A72B-60C3BCE7515E}.Debug.ActiveCfg = Debug|.NET
		{3C6BB980-EA8F-4C2C-A72B-60C3BCE7515E}.Debug.Build.0 = Debug|.NET
		{3C6BB980-EA8F-4C2C-A72B-60C3BCE7515E}.DebugLongRunningTests.ActiveCfg = DebugLongRunningTests|.NET
		{3C6BB980-EA8F-4C2C-A72B-60C3BCE7515E}.DebugLongRunningTests.Build.0 = DebugLongRunningTests|.NET
		{3C6BB980-EA8F-4C2C-A72B-60C3BCE7515E}.DebugUnitTests.ActiveCfg = DebugUnitTests|.NET
		{3C6BB980-EA8F-4C2C-A72B-60C3BCE7515E}.DebugUnitTests.Build.0 = DebugUnitTests|.NET
		{3C6BB980-EA8F-4C2C-A72B-60C3BCE7515E}.Release.ActiveCfg = Release|.NET
		{3C6BB980-EA8F-4C2C-A72B-60C3BCE7515E}.Release.Build.0 = Release|.NET
		{3C6BB980-EA8F-4C2C-A72B-60C3BCE7515E}.ReleaseFinal.ActiveCfg = ReleaseFinal|.NET
		{3C6BB980-EA8F-4C2C-A72B-60C3BCE7515E}.ReleaseFinal.Build.0 = ReleaseFinal|.NET
		{3C6BB980-EA8F-4C2C-A72B-60C3BCE7515E}.ReleaseUnitTests.ActiveCfg = ReleaseUnitTests|.NET
		{3C6BB980-EA8F-4C2C-A72B-60C3BCE7515E}.ReleaseUnitTests.Build.0 = ReleaseUnitTests|.NET
		{E11D72AF-CDDC-4EC4-AC05-F5F93E30395B}.Debug.ActiveCfg = Debug|.NET
		{E11D72AF-CDDC-4EC4-AC05-F5F93E30395B}.Debug.Build.0 = Debug|.NET
		{E11D72AF-CDDC-4EC4-AC05-F5F93E30395B}.DebugLongRunningTests.ActiveCfg = DebugLongRunningTests|.NET
		{E11D72AF-CDDC-4EC4-AC05-F5F93E30395B}.DebugLongRunningTests.Build.0 = DebugLongRunningTests|.NET
		{E11D72AF-CDDC-4EC4-AC05-F5F93E30395B}.DebugUnitTests.ActiveCfg = DebugUnitTests|.NET
		{E11D72AF-CDDC-4EC4-AC05-F5F93E30395B}.DebugUnitTests.Build.0 = DebugUnitTests|.NET
		{E11D72AF-CDDC-4EC4-AC05-F5F93E30395B}.Release.ActiveCfg = Release|.NET
		{E11D72AF-CDDC-4EC4-AC05-F5F93E30395B}.Release.Build.0 = Release|.NET
		{E11D72AF-CDDC-4EC4-AC05-F5F93E30395B}.ReleaseFinal.ActiveCfg = ReleaseFinal|.NET
		{E11D72AF-CDDC-4EC4-AC05-F5F93E30395B}.ReleaseFinal.Build.0 = ReleaseFinal|.NET
		{E11D72AF-CDDC-4EC4-AC05-F5F93E30395B}.ReleaseUnitTests.ActiveCfg = ReleaseUnitTests|.NET
		{E11D72AF-CDDC-4EC4-AC05-F5F93E30395B}.ReleaseUnitTests.Build.0 = ReleaseUnitTests|.NET
	EndGlobalSection
	GlobalSection(ExtensibilityGlobals) = postSolution
	EndGlobalSection
	GlobalSection(ExtensibilityAddIns) = postSolution
	EndGlobalSection
EndGlobal
